
Microsoft Visual Studio Solution File, Format Version 12.00
# Visual Studio Version 17
VisualStudioVersion = 17.4.33110.190
MinimumVisualStudioVersion = 10.0.40219.1
Project("{2150E333-8FDC-42A3-9474-1A3956D46DE8}") = "ChainOfResponsibility", "ChainOfResponsibility", "{C6F7689A-D786-409B-8F98-2042E1B84B40}"
EndProject
Project("{FAE04EC0-301F-11D3-BF4B-00C04F79EFBC}") = "DesignPattern.ChainOfResponsibility", "DesignPattern.ChainOfResponsibility\DesignPattern.ChainOfResponsibility.csproj", "{5C60EB08-0EB2-4A32-B888-36108B9E31C1}"
EndProject
Global
	GlobalSection(SolutionConfigurationPlatforms) = preSolution
		Debug|Any CPU = Debug|Any CPU
		Release|Any CPU = Release|Any CPU
	EndGlobalSection
	GlobalSection(ProjectConfigurationPlatforms) = postSolution
		{5C60EB08-0EB2-4A32-B888-36108B9E31C1}.Debug|Any CPU.ActiveCfg = Debug|Any CPU
		{5C60EB08-0EB2-4A32-B888-36108B9E31C1}.Debug|Any CPU.Build.0 = Debug|Any CPU
		{5C60EB08-0EB2-4A32-B888-36108B9E31C1}.Release|Any CPU.ActiveCfg = Release|Any CPU
		{5C60EB08-0EB2-4A32-B888-36108B9E31C1}.Release|Any CPU.Build.0 = Release|Any CPU
	EndGlobalSection
	GlobalSection(SolutionProperties) = preSolution
		HideSolutionNode = FALSE
	EndGlobalSection
	GlobalSection(NestedProjects) = preSolution
		{5C60EB08-0EB2-4A32-B888-36108B9E31C1} = {C6F7689A-D786-409B-8F98-2042E1B84B40}
	EndGlobalSection
	GlobalSection(ExtensibilityGlobals) = postSolution
		SolutionGuid = {2BDECE52-B5B9-4034-9829-48DE9BA580F6}
	EndGlobalSection
EndGlobal
