
Microsoft Visual Studio Solution File, Format Version 12.00
# Visual Studio Version 17
VisualStudioVersion = 17.4.33110.190
MinimumVisualStudioVersion = 10.0.40219.1
Project("{2150E333-8FDC-42A3-9474-1A3956D46DE8}") = "ChainOfResponsibility", "ChainOfResponsibility", "{C6F7689A-D786-409B-8F98-2042E1B84B40}"
EndProject
Project("{9A19103F-16F7-4668-BE54-9A1E7A4F7556}") = "DesignPattern.ChainOfResponsibility", "DesignPattern.ChainOfResponsibility\DesignPattern.ChainOfResponsibility.csproj", "{5C60EB08-0EB2-4A32-B888-36108B9E31C1}"
EndProject
Project("{2150E333-8FDC-42A3-9474-1A3956D46DE8}") = "CQRSDesignPattern", "CQRSDesignPattern", "{A944C1D9-F7CF-43BB-8216-CDF6A66F71A5}"
EndProject
Project("{FAE04EC0-301F-11D3-BF4B-00C04F79EFBC}") = "DesignPattern.CQRS", "DesignPattern.CQRS\DesignPattern.CQRS.csproj", "{6D8EC24A-D512-4AB9-B1DB-FC1170C11A99}"
EndProject
Project("{2150E333-8FDC-42A3-9474-1A3956D46DE8}") = "TemplateMethodPattern", "TemplateMethodPattern", "{27FF2E9B-3C65-475E-B776-C52511CA3AD1}"
EndProject
Project("{FAE04EC0-301F-11D3-BF4B-00C04F79EFBC}") = "DesignPatterns.TemplateMethod", "DesignPatterns.TemplateMethod\DesignPatterns.TemplateMethod.csproj", "{16859080-C7E9-4D3A-B5BF-9BBB95FA812B}"
EndProject
Project("{2150E333-8FDC-42A3-9474-1A3956D46DE8}") = "ObserverDesignPattern", "ObserverDesignPattern", "{0E71ADC7-92C2-4824-873A-81636B0207D6}"
EndProject
Project("{FAE04EC0-301F-11D3-BF4B-00C04F79EFBC}") = "DesignPatterns.ObserverPattern", "DesignPatterns.ObserverPattern\DesignPatterns.ObserverPattern.csproj", "{98080C3C-854F-4314-8AC6-A2B91A2237C5}"
EndProject
Global
	GlobalSection(SolutionConfigurationPlatforms) = preSolution
		Debug|Any CPU = Debug|Any CPU
		Release|Any CPU = Release|Any CPU
	EndGlobalSection
	GlobalSection(ProjectConfigurationPlatforms) = postSolution
		{5C60EB08-0EB2-4A32-B888-36108B9E31C1}.Debug|Any CPU.ActiveCfg = Debug|Any CPU
		{5C60EB08-0EB2-4A32-B888-36108B9E31C1}.Debug|Any CPU.Build.0 = Debug|Any CPU
		{5C60EB08-0EB2-4A32-B888-36108B9E31C1}.Release|Any CPU.ActiveCfg = Release|Any CPU
		{5C60EB08-0EB2-4A32-B888-36108B9E31C1}.Release|Any CPU.Build.0 = Release|Any CPU
		{6D8EC24A-D512-4AB9-B1DB-FC1170C11A99}.Debug|Any CPU.ActiveCfg = Debug|Any CPU
		{6D8EC24A-D512-4AB9-B1DB-FC1170C11A99}.Debug|Any CPU.Build.0 = Debug|Any CPU
		{6D8EC24A-D512-4AB9-B1DB-FC1170C11A99}.Release|Any CPU.ActiveCfg = Release|Any CPU
		{6D8EC24A-D512-4AB9-B1DB-FC1170C11A99}.Release|Any CPU.Build.0 = Release|Any CPU
		{16859080-C7E9-4D3A-B5BF-9BBB95FA812B}.Debug|Any CPU.ActiveCfg = Debug|Any CPU
		{16859080-C7E9-4D3A-B5BF-9BBB95FA812B}.Debug|Any CPU.Build.0 = Debug|Any CPU
		{16859080-C7E9-4D3A-B5BF-9BBB95FA812B}.Release|Any CPU.ActiveCfg = Release|Any CPU
		{16859080-C7E9-4D3A-B5BF-9BBB95FA812B}.Release|Any CPU.Build.0 = Release|Any CPU
		{98080C3C-854F-4314-8AC6-A2B91A2237C5}.Debug|Any CPU.ActiveCfg = Debug|Any CPU
		{98080C3C-854F-4314-8AC6-A2B91A2237C5}.Debug|Any CPU.Build.0 = Debug|Any CPU
		{98080C3C-854F-4314-8AC6-A2B91A2237C5}.Release|Any CPU.ActiveCfg = Release|Any CPU
		{98080C3C-854F-4314-8AC6-A2B91A2237C5}.Release|Any CPU.Build.0 = Release|Any CPU
	EndGlobalSection
	GlobalSection(SolutionProperties) = preSolution
		HideSolutionNode = FALSE
	EndGlobalSection
	GlobalSection(NestedProjects) = preSolution
		{5C60EB08-0EB2-4A32-B888-36108B9E31C1} = {C6F7689A-D786-409B-8F98-2042E1B84B40}
		{6D8EC24A-D512-4AB9-B1DB-FC1170C11A99} = {A944C1D9-F7CF-43BB-8216-CDF6A66F71A5}
		{16859080-C7E9-4D3A-B5BF-9BBB95FA812B} = {27FF2E9B-3C65-475E-B776-C52511CA3AD1}
		{98080C3C-854F-4314-8AC6-A2B91A2237C5} = {0E71ADC7-92C2-4824-873A-81636B0207D6}
	EndGlobalSection
	GlobalSection(ExtensibilityGlobals) = postSolution
		SolutionGuid = {2BDECE52-B5B9-4034-9829-48DE9BA580F6}
	EndGlobalSection
EndGlobal
